{
  "nodes": {
    "nixpkgs": {
      "locked": {
        "lastModified": 1736684107,
        "narHash": "sha256-vH5mXxEvZeoGNkqKoCluhTGfoeXCZ1seYhC2pbMN0sg=",
        "path": "/nix/store/zd5dgszslv09jzybcpf25gpl12s6r2d9-source",
        "rev": "635e887b48521e912a516625eee7df6cf0eba9c1",
        "type": "path"
      },
      "original": {
        "id": "nixpkgs",
        "type": "indirect"
      }
    },
    "root": {
      "inputs": {
        "nixpkgs": "nixpkgs"
      }
    }
  },
  "root": "root",
  "version": 7
}
